
Microsoft Visual Studio Solution File, Format Version 12.00
# Visual Studio Version 17
VisualStudioVersion = 17.1.32210.238
MinimumVisualStudioVersion = 10.0.40219.1
Project("{FAE04EC0-301F-11D3-BF4B-00C04F79EFBC}") = "BusinessLayer", "BusinessLayer\BusinessLayer.csproj", "{4FD68DA6-BED9-45D2-A3A6-11AC6D1D1F7E}"
EndProject
Project("{FAE04EC0-301F-11D3-BF4B-00C04F79EFBC}") = "DataLayer", "DataLayer\DataLayer.csproj", "{9005E2B2-F21A-4E5D-8480-191EEA9F416A}"
EndProject
Project("{FAE04EC0-301F-11D3-BF4B-00C04F79EFBC}") = "TestingLayer", "TestingLayer\TestingLayer.csproj", "{1F1ACC3E-2EC7-4CFD-9440-59FAADE5E0E0}"
EndProject
Global
	GlobalSection(SolutionConfigurationPlatforms) = preSolution
		Debug|Any CPU = Debug|Any CPU
		Release|Any CPU = Release|Any CPU
	EndGlobalSection
	GlobalSection(ProjectConfigurationPlatforms) = postSolution
		{4FD68DA6-BED9-45D2-A3A6-11AC6D1D1F7E}.Debug|Any CPU.ActiveCfg = Debug|Any CPU
		{4FD68DA6-BED9-45D2-A3A6-11AC6D1D1F7E}.Debug|Any CPU.Build.0 = Debug|Any CPU
		{4FD68DA6-BED9-45D2-A3A6-11AC6D1D1F7E}.Release|Any CPU.ActiveCfg = Release|Any CPU
		{4FD68DA6-BED9-45D2-A3A6-11AC6D1D1F7E}.Release|Any CPU.Build.0 = Release|Any CPU
		{9005E2B2-F21A-4E5D-8480-191EEA9F416A}.Debug|Any CPU.ActiveCfg = Debug|Any CPU
		{9005E2B2-F21A-4E5D-8480-191EEA9F416A}.Debug|Any CPU.Build.0 = Debug|Any CPU
		{9005E2B2-F21A-4E5D-8480-191EEA9F416A}.Release|Any CPU.ActiveCfg = Release|Any CPU
		{9005E2B2-F21A-4E5D-8480-191EEA9F416A}.Release|Any CPU.Build.0 = Release|Any CPU
		{1F1ACC3E-2EC7-4CFD-9440-59FAADE5E0E0}.Debug|Any CPU.ActiveCfg = Debug|Any CPU
		{1F1ACC3E-2EC7-4CFD-9440-59FAADE5E0E0}.Debug|Any CPU.Build.0 = Debug|Any CPU
		{1F1ACC3E-2EC7-4CFD-9440-59FAADE5E0E0}.Release|Any CPU.ActiveCfg = Release|Any CPU
		{1F1ACC3E-2EC7-4CFD-9440-59FAADE5E0E0}.Release|Any CPU.Build.0 = Release|Any CPU
	EndGlobalSection
	GlobalSection(SolutionProperties) = preSolution
		HideSolutionNode = FALSE
	EndGlobalSection
	GlobalSection(ExtensibilityGlobals) = postSolution
		SolutionGuid = {DF9F6416-08AD-4180-B7DB-4F1ABC7FC752}
	EndGlobalSection
EndGlobal
